// !$*UTF8*$!
{
	archiveVersion = 1;
	classes = {
	};
	objectVersion = 56;
	objects = {

/* Begin PBXBuildFile section */
		5C5B87932C2CF7DC006673FD /* ContactsFeature.swift in Sources */ = {isa = PBXBuildFile; fileRef = 5C5B87922C2CF7DC006673FD /* ContactsFeature.swift */; };
		5C5B87952C2CFE41006673FD /* AddContactFeature.swift in Sources */ = {isa = PBXBuildFile; fileRef = 5C5B87942C2CFE41006673FD /* AddContactFeature.swift */; };
		5C5B87A52C2D2EED006673FD /* CounterFeatureTests.swift in Sources */ = {isa = PBXBuildFile; fileRef = 5CC9FC6A2C2A89530018A35E /* CounterFeatureTests.swift */; };
		5C5B87A62C2D2EED006673FD /* AppFeatureTests.swift in Sources */ = {isa = PBXBuildFile; fileRef = 5CBCD2992C2BF7AA00665C89 /* AppFeatureTests.swift */; };
		5CBCD2962C2BF64000665C89 /* AppFeature.swift in Sources */ = {isa = PBXBuildFile; fileRef = 5CBCD2952C2BF64000665C89 /* AppFeature.swift */; };
		5CC9FC532C2A5A240018A35E /* TCAApp.swift in Sources */ = {isa = PBXBuildFile; fileRef = 5CC9FC522C2A5A240018A35E /* TCAApp.swift */; };
		5CC9FC572C2A5A260018A35E /* Assets.xcassets in Resources */ = {isa = PBXBuildFile; fileRef = 5CC9FC562C2A5A260018A35E /* Assets.xcassets */; };
		5CC9FC5A2C2A5A260018A35E /* Preview Assets.xcassets in Resources */ = {isa = PBXBuildFile; fileRef = 5CC9FC592C2A5A260018A35E /* Preview Assets.xcassets */; };
		5CC9FC622C2A5A600018A35E /* ComposableArchitecture in Frameworks */ = {isa = PBXBuildFile; productRef = 5CC9FC612C2A5A600018A35E /* ComposableArchitecture */; };
		5CC9FC642C2A5AB30018A35E /* CounterFeature.swift in Sources */ = {isa = PBXBuildFile; fileRef = 5CC9FC632C2A5AB30018A35E /* CounterFeature.swift */; };
		5CC9FC662C2A84B60018A35E /* CounterView.swift in Sources */ = {isa = PBXBuildFile; fileRef = 5CC9FC652C2A84B60018A35E /* CounterView.swift */; };
		5CC9FC6F2C2A948C0018A35E /* NumberFactClient.swift in Sources */ = {isa = PBXBuildFile; fileRef = 5CC9FC6E2C2A948C0018A35E /* NumberFactClient.swift */; };
		5CFF6D3C2C2E7B1A0043AAB7 /* ContactsView.swift in Sources */ = {isa = PBXBuildFile; fileRef = 5CFF6D3B2C2E7B1A0043AAB7 /* ContactsView.swift */; };
		5CFF6D3E2C2E7B500043AAB7 /* AppView.swift in Sources */ = {isa = PBXBuildFile; fileRef = 5CFF6D3D2C2E7B500043AAB7 /* AppView.swift */; };
		5CFF6D402C2E7B810043AAB7 /* AddContactView.swift in Sources */ = {isa = PBXBuildFile; fileRef = 5CFF6D3F2C2E7B810043AAB7 /* AddContactView.swift */; };
/* End PBXBuildFile section */

/* Begin PBXContainerItemProxy section */
		5C5B87A02C2D2EDA006673FD /* PBXContainerItemProxy */ = {
			isa = PBXContainerItemProxy;
			containerPortal = 5CC9FC472C2A5A240018A35E /* Project object */;
			proxyType = 1;
			remoteGlobalIDString = 5CC9FC4E2C2A5A240018A35E;
			remoteInfo = TCA;
		};
/* End PBXContainerItemProxy section */

/* Begin PBXFileReference section */
		5C5B87922C2CF7DC006673FD /* ContactsFeature.swift */ = {isa = PBXFileReference; lastKnownFileType = sourcecode.swift; path = ContactsFeature.swift; sourceTree = "<group>"; };
		5C5B87942C2CFE41006673FD /* AddContactFeature.swift */ = {isa = PBXFileReference; lastKnownFileType = sourcecode.swift; path = AddContactFeature.swift; sourceTree = "<group>"; };
		5C5B879C2C2D2EDA006673FD /* TCATests.xctest */ = {isa = PBXFileReference; explicitFileType = wrapper.cfbundle; includeInIndex = 0; path = TCATests.xctest; sourceTree = BUILT_PRODUCTS_DIR; };
		5CBCD2952C2BF64000665C89 /* AppFeature.swift */ = {isa = PBXFileReference; lastKnownFileType = sourcecode.swift; path = AppFeature.swift; sourceTree = "<group>"; };
		5CBCD2992C2BF7AA00665C89 /* AppFeatureTests.swift */ = {isa = PBXFileReference; lastKnownFileType = sourcecode.swift; path = AppFeatureTests.swift; sourceTree = "<group>"; };
		5CC9FC4F2C2A5A240018A35E /* TCA.app */ = {isa = PBXFileReference; explicitFileType = wrapper.application; includeInIndex = 0; path = TCA.app; sourceTree = BUILT_PRODUCTS_DIR; };
		5CC9FC522C2A5A240018A35E /* TCAApp.swift */ = {isa = PBXFileReference; lastKnownFileType = sourcecode.swift; path = TCAApp.swift; sourceTree = "<group>"; };
		5CC9FC562C2A5A260018A35E /* Assets.xcassets */ = {isa = PBXFileReference; lastKnownFileType = folder.assetcatalog; path = Assets.xcassets; sourceTree = "<group>"; };
		5CC9FC592C2A5A260018A35E /* Preview Assets.xcassets */ = {isa = PBXFileReference; lastKnownFileType = folder.assetcatalog; path = "Preview Assets.xcassets"; sourceTree = "<group>"; };
		5CC9FC632C2A5AB30018A35E /* CounterFeature.swift */ = {isa = PBXFileReference; lastKnownFileType = sourcecode.swift; path = CounterFeature.swift; sourceTree = "<group>"; };
		5CC9FC652C2A84B60018A35E /* CounterView.swift */ = {isa = PBXFileReference; lastKnownFileType = sourcecode.swift; path = CounterView.swift; sourceTree = "<group>"; };
		5CC9FC692C2A88AE0018A35E /* Info.plist */ = {isa = PBXFileReference; lastKnownFileType = text.plist; path = Info.plist; sourceTree = "<group>"; };
		5CC9FC6A2C2A89530018A35E /* CounterFeatureTests.swift */ = {isa = PBXFileReference; lastKnownFileType = sourcecode.swift; path = CounterFeatureTests.swift; sourceTree = "<group>"; };
		5CC9FC6E2C2A948C0018A35E /* NumberFactClient.swift */ = {isa = PBXFileReference; lastKnownFileType = sourcecode.swift; path = NumberFactClient.swift; sourceTree = "<group>"; };
		5CFF6D3B2C2E7B1A0043AAB7 /* ContactsView.swift */ = {isa = PBXFileReference; lastKnownFileType = sourcecode.swift; path = ContactsView.swift; sourceTree = "<group>"; };
		5CFF6D3D2C2E7B500043AAB7 /* AppView.swift */ = {isa = PBXFileReference; lastKnownFileType = sourcecode.swift; path = AppView.swift; sourceTree = "<group>"; };
		5CFF6D3F2C2E7B810043AAB7 /* AddContactView.swift */ = {isa = PBXFileReference; lastKnownFileType = sourcecode.swift; path = AddContactView.swift; sourceTree = "<group>"; };
/* End PBXFileReference section */

/* Begin PBXFrameworksBuildPhase section */
		5C5B87992C2D2EDA006673FD /* Frameworks */ = {
			isa = PBXFrameworksBuildPhase;
			buildActionMask = 2147483647;
			files = (
			);
			runOnlyForDeploymentPostprocessing = 0;
		};
		5CC9FC4C2C2A5A240018A35E /* Frameworks */ = {
			isa = PBXFrameworksBuildPhase;
			buildActionMask = 2147483647;
			files = (
				5CC9FC622C2A5A600018A35E /* ComposableArchitecture in Frameworks */,
			);
			runOnlyForDeploymentPostprocessing = 0;
		};
/* End PBXFrameworksBuildPhase section */

/* Begin PBXGroup section */
		5C5B879D2C2D2EDA006673FD /* TCATests */ = {
			isa = PBXGroup;
			children = (
				5CC9FC6A2C2A89530018A35E /* CounterFeatureTests.swift */,
				5CBCD2992C2BF7AA00665C89 /* AppFeatureTests.swift */,
			);
			path = TCATests;
			sourceTree = "<group>";
		};
		5CC9FC462C2A5A240018A35E = {
			isa = PBXGroup;
			children = (
				5CC9FC512C2A5A240018A35E /* TCA */,
				5C5B879D2C2D2EDA006673FD /* TCATests */,
				5CC9FC502C2A5A240018A35E /* Products */,
			);
			sourceTree = "<group>";
		};
		5CC9FC502C2A5A240018A35E /* Products */ = {
			isa = PBXGroup;
			children = (
				5CC9FC4F2C2A5A240018A35E /* TCA.app */,
				5C5B879C2C2D2EDA006673FD /* TCATests.xctest */,
			);
			name = Products;
			sourceTree = "<group>";
		};
		5CC9FC512C2A5A240018A35E /* TCA */ = {
			isa = PBXGroup;
			children = (
				5CC9FC692C2A88AE0018A35E /* Info.plist */,
				5CC9FC582C2A5A260018A35E /* Preview Content */,
				5CC9FC562C2A5A260018A35E /* Assets.xcassets */,
				5CC9FC522C2A5A240018A35E /* TCAApp.swift */,
				5CC9FC652C2A84B60018A35E /* CounterView.swift */,
				5CC9FC632C2A5AB30018A35E /* CounterFeature.swift */,
				5CC9FC6E2C2A948C0018A35E /* NumberFactClient.swift */,
				5CBCD2952C2BF64000665C89 /* AppFeature.swift */,
				5CFF6D3D2C2E7B500043AAB7 /* AppView.swift */,
				5C5B87922C2CF7DC006673FD /* ContactsFeature.swift */,
				5CFF6D3B2C2E7B1A0043AAB7 /* ContactsView.swift */,
				5C5B87942C2CFE41006673FD /* AddContactFeature.swift */,
				5CFF6D3F2C2E7B810043AAB7 /* AddContactView.swift */,
			);
			path = TCA;
			sourceTree = "<group>";
		};
		5CC9FC582C2A5A260018A35E /* Preview Content */ = {
			isa = PBXGroup;
			children = (
				5CC9FC592C2A5A260018A35E /* Preview Assets.xcassets */,
			);
			path = "Preview Content";
			sourceTree = "<group>";
		};
/* End PBXGroup section */

/* Begin PBXNativeTarget section */
		5C5B879B2C2D2EDA006673FD /* TCATests */ = {
			isa = PBXNativeTarget;
			buildConfigurationList = 5C5B87A42C2D2EDA006673FD /* Build configuration list for PBXNativeTarget "TCATests" */;
			buildPhases = (
				5C5B87982C2D2EDA006673FD /* Sources */,
				5C5B87992C2D2EDA006673FD /* Frameworks */,
				5C5B879A2C2D2EDA006673FD /* Resources */,
			);
			buildRules = (
			);
			dependencies = (
				5C5B87A12C2D2EDA006673FD /* PBXTargetDependency */,
			);
			name = TCATests;
			productName = TCATests;
			productReference = 5C5B879C2C2D2EDA006673FD /* TCATests.xctest */;
			productType = "com.apple.product-type.bundle.unit-test";
		};
		5CC9FC4E2C2A5A240018A35E /* TCA */ = {
			isa = PBXNativeTarget;
			buildConfigurationList = 5CC9FC5D2C2A5A260018A35E /* Build configuration list for PBXNativeTarget "TCA" */;
			buildPhases = (
				5CC9FC4B2C2A5A240018A35E /* Sources */,
				5CC9FC4C2C2A5A240018A35E /* Frameworks */,
				5CC9FC4D2C2A5A240018A35E /* Resources */,
			);
			buildRules = (
			);
			dependencies = (
			);
			name = TCA;
			packageProductDependencies = (
				5CC9FC612C2A5A600018A35E /* ComposableArchitecture */,
			);
			productName = TCA;
			productReference = 5CC9FC4F2C2A5A240018A35E /* TCA.app */;
			productType = "com.apple.product-type.application";
		};
/* End PBXNativeTarget section */

/* Begin PBXProject section */
		5CC9FC472C2A5A240018A35E /* Project object */ = {
			isa = PBXProject;
			attributes = {
				BuildIndependentTargetsInParallel = 1;
				LastSwiftUpdateCheck = 1540;
				LastUpgradeCheck = 1540;
				TargetAttributes = {
					5C5B879B2C2D2EDA006673FD = {
						CreatedOnToolsVersion = 15.4;
						TestTargetID = 5CC9FC4E2C2A5A240018A35E;
					};
					5CC9FC4E2C2A5A240018A35E = {
						CreatedOnToolsVersion = 15.4;
					};
				};
			};
			buildConfigurationList = 5CC9FC4A2C2A5A240018A35E /* Build configuration list for PBXProject "TCA" */;
			compatibilityVersion = "Xcode 14.0";
			developmentRegion = en;
			hasScannedForEncodings = 0;
			knownRegions = (
				en,
				Base,
			);
			mainGroup = 5CC9FC462C2A5A240018A35E;
			packageReferences = (
				5CC9FC602C2A5A600018A35E /* XCRemoteSwiftPackageReference "swift-composable-architecture" */,
			);
			productRefGroup = 5CC9FC502C2A5A240018A35E /* Products */;
			projectDirPath = "";
			projectRoot = "";
			targets = (
				5CC9FC4E2C2A5A240018A35E /* TCA */,
				5C5B879B2C2D2EDA006673FD /* TCATests */,
			);
		};
/* End PBXProject section */

/* Begin PBXResourcesBuildPhase section */
		5C5B879A2C2D2EDA006673FD /* Resources */ = {
			isa = PBXResourcesBuildPhase;
			buildActionMask = 2147483647;
			files = (
			);
			runOnlyForDeploymentPostprocessing = 0;
		};
		5CC9FC4D2C2A5A240018A35E /* Resources */ = {
			isa = PBXResourcesBuildPhase;
			buildActionMask = 2147483647;
			files = (
				5CC9FC5A2C2A5A260018A35E /* Preview Assets.xcassets in Resources */,
				5CC9FC572C2A5A260018A35E /* Assets.xcassets in Resources */,
			);
			runOnlyForDeploymentPostprocessing = 0;
		};
/* End PBXResourcesBuildPhase section */

/* Begin PBXSourcesBuildPhase section */
		5C5B87982C2D2EDA006673FD /* Sources */ = {
			isa = PBXSourcesBuildPhase;
			buildActionMask = 2147483647;
			files = (
				5C5B87A52C2D2EED006673FD /* CounterFeatureTests.swift in Sources */,
				5C5B87A62C2D2EED006673FD /* AppFeatureTests.swift in Sources */,
			);
			runOnlyForDeploymentPostprocessing = 0;
		};
		5CC9FC4B2C2A5A240018A35E /* Sources */ = {
			isa = PBXSourcesBuildPhase;
			buildActionMask = 2147483647;
			files = (
				5CBCD2962C2BF64000665C89 /* AppFeature.swift in Sources */,
				5CFF6D402C2E7B810043AAB7 /* AddContactView.swift in Sources */,
				5CC9FC6F2C2A948C0018A35E /* NumberFactClient.swift in Sources */,
				5CFF6D3E2C2E7B500043AAB7 /* AppView.swift in Sources */,
				5CC9FC642C2A5AB30018A35E /* CounterFeature.swift in Sources */,
				5CC9FC532C2A5A240018A35E /* TCAApp.swift in Sources */,
				5CC9FC662C2A84B60018A35E /* CounterView.swift in Sources */,
				5C5B87932C2CF7DC006673FD /* ContactsFeature.swift in Sources */,
				5C5B87952C2CFE41006673FD /* AddContactFeature.swift in Sources */,
				5CFF6D3C2C2E7B1A0043AAB7 /* ContactsView.swift in Sources */,
			);
			runOnlyForDeploymentPostprocessing = 0;
		};
/* End PBXSourcesBuildPhase section */

/* Begin PBXTargetDependency section */
		5C5B87A12C2D2EDA006673FD /* PBXTargetDependency */ = {
			isa = PBXTargetDependency;
			target = 5CC9FC4E2C2A5A240018A35E /* TCA */;
			targetProxy = 5C5B87A02C2D2EDA006673FD /* PBXContainerItemProxy */;
		};
/* End PBXTargetDependency section */

/* Begin XCBuildConfiguration section */
		5C5B87A22C2D2EDA006673FD /* Debug */ = {
			isa = XCBuildConfiguration;
			buildSettings = {
				BUNDLE_LOADER = "$(TEST_HOST)";
				CODE_SIGN_STYLE = Automatic;
				CURRENT_PROJECT_VERSION = 1;
				DEVELOPMENT_TEAM = VVHTJQP5MT;
				GENERATE_INFOPLIST_FILE = YES;
				IPHONEOS_DEPLOYMENT_TARGET = 17.5;
				MACOSX_DEPLOYMENT_TARGET = 14.1;
				MARKETING_VERSION = 1.0;
				PRODUCT_BUNDLE_IDENTIFIER = com.TCATests;
				PRODUCT_NAME = "$(TARGET_NAME)";
				SDKROOT = auto;
				SUPPORTED_PLATFORMS = "iphoneos iphonesimulator macosx";
				SWIFT_EMIT_LOC_STRINGS = NO;
				SWIFT_VERSION = 5.0;
				TARGETED_DEVICE_FAMILY = "1,2";
				TEST_HOST = "$(BUILT_PRODUCTS_DIR)/TCA.app/$(BUNDLE_EXECUTABLE_FOLDER_PATH)/TCA";
			};
			name = Debug;
		};
		5C5B87A32C2D2EDA006673FD /* Release */ = {
			isa = XCBuildConfiguration;
			buildSettings = {
				BUNDLE_LOADER = "$(TEST_HOST)";
				CODE_SIGN_STYLE = Automatic;
				CURRENT_PROJECT_VERSION = 1;
				DEVELOPMENT_TEAM = VVHTJQP5MT;
				GENERATE_INFOPLIST_FILE = YES;
				IPHONEOS_DEPLOYMENT_TARGET = 17.5;
				MACOSX_DEPLOYMENT_TARGET = 14.1;
				MARKETING_VERSION = 1.0;
				PRODUCT_BUNDLE_IDENTIFIER = com.TCATests;
				PRODUCT_NAME = "$(TARGET_NAME)";
				SDKROOT = auto;
				SUPPORTED_PLATFORMS = "iphoneos iphonesimulator macosx";
				SWIFT_EMIT_LOC_STRINGS = NO;
				SWIFT_VERSION = 5.0;
				TARGETED_DEVICE_FAMILY = "1,2";
				TEST_HOST = "$(BUILT_PRODUCTS_DIR)/TCA.app/$(BUNDLE_EXECUTABLE_FOLDER_PATH)/TCA";
			};
			name = Release;
		};
		5CC9FC5B2C2A5A260018A35E /* Debug */ = {
			isa = XCBuildConfiguration;
			buildSettings = {
				ALWAYS_SEARCH_USER_PATHS = NO;
				ASSETCATALOG_COMPILER_GENERATE_SWIFT_ASSET_SYMBOL_EXTENSIONS = YES;
				CLANG_ANALYZER_NONNULL = YES;
				CLANG_ANALYZER_NUMBER_OBJECT_CONVERSION = YES_AGGRESSIVE;
				CLANG_CXX_LANGUAGE_STANDARD = "gnu++20";
				CLANG_ENABLE_MODULES = YES;
				CLANG_ENABLE_OBJC_ARC = YES;
				CLANG_ENABLE_OBJC_WEAK = YES;
				CLANG_WARN_BLOCK_CAPTURE_AUTORELEASING = YES;
				CLANG_WARN_BOOL_CONVERSION = YES;
				CLANG_WARN_COMMA = YES;
				CLANG_WARN_CONSTANT_CONVERSION = YES;
				CLANG_WARN_DEPRECATED_OBJC_IMPLEMENTATIONS = YES;
				CLANG_WARN_DIRECT_OBJC_ISA_USAGE = YES_ERROR;
				CLANG_WARN_DOCUMENTATION_COMMENTS = YES;
				CLANG_WARN_EMPTY_BODY = YES;
				CLANG_WARN_ENUM_CONVERSION = YES;
				CLANG_WARN_INFINITE_RECURSION = YES;
				CLANG_WARN_INT_CONVERSION = YES;
				CLANG_WARN_NON_LITERAL_NULL_CONVERSION = YES;
				CLANG_WARN_OBJC_IMPLICIT_RETAIN_SELF = YES;
				CLANG_WARN_OBJC_LITERAL_CONVERSION = YES;
				CLANG_WARN_OBJC_ROOT_CLASS = YES_ERROR;
				CLANG_WARN_QUOTED_INCLUDE_IN_FRAMEWORK_HEADER = YES;
				CLANG_WARN_RANGE_LOOP_ANALYSIS = YES;
				CLANG_WARN_STRICT_PROTOTYPES = YES;
				CLANG_WARN_SUSPICIOUS_MOVE = YES;
				CLANG_WARN_UNGUARDED_AVAILABILITY = YES_AGGRESSIVE;
				CLANG_WARN_UNREACHABLE_CODE = YES;
				CLANG_WARN__DUPLICATE_METHOD_MATCH = YES;
				COPY_PHASE_STRIP = NO;
				DEBUG_INFORMATION_FORMAT = dwarf;
				ENABLE_STRICT_OBJC_MSGSEND = YES;
				ENABLE_TESTABILITY = YES;
				ENABLE_USER_SCRIPT_SANDBOXING = YES;
				GCC_C_LANGUAGE_STANDARD = gnu17;
				GCC_DYNAMIC_NO_PIC = NO;
				GCC_NO_COMMON_BLOCKS = YES;
				GCC_OPTIMIZATION_LEVEL = 0;
				GCC_PREPROCESSOR_DEFINITIONS = (
					"DEBUG=1",
					"$(inherited)",
				);
				GCC_WARN_64_TO_32_BIT_CONVERSION = YES;
				GCC_WARN_ABOUT_RETURN_TYPE = YES_ERROR;
				GCC_WARN_UNDECLARED_SELECTOR = YES;
				GCC_WARN_UNINITIALIZED_AUTOS = YES_AGGRESSIVE;
				GCC_WARN_UNUSED_FUNCTION = YES;
				GCC_WARN_UNUSED_VARIABLE = YES;
				IPHONEOS_DEPLOYMENT_TARGET = 17.5;
				LOCALIZATION_PREFERS_STRING_CATALOGS = YES;
				MTL_ENABLE_DEBUG_INFO = INCLUDE_SOURCE;
				MTL_FAST_MATH = YES;
				ONLY_ACTIVE_ARCH = YES;
				SDKROOT = iphoneos;
				SWIFT_ACTIVE_COMPILATION_CONDITIONS = "DEBUG $(inherited)";
				SWIFT_OPTIMIZATION_LEVEL = "-Onone";
			};
			name = Debug;
		};
		5CC9FC5C2C2A5A260018A35E /* Release */ = {
			isa = XCBuildConfiguration;
			buildSettings = {
				ALWAYS_SEARCH_USER_PATHS = NO;
				ASSETCATALOG_COMPILER_GENERATE_SWIFT_ASSET_SYMBOL_EXTENSIONS = YES;
				CLANG_ANALYZER_NONNULL = YES;
				CLANG_ANALYZER_NUMBER_OBJECT_CONVERSION = YES_AGGRESSIVE;
				CLANG_CXX_LANGUAGE_STANDARD = "gnu++20";
				CLANG_ENABLE_MODULES = YES;
				CLANG_ENABLE_OBJC_ARC = YES;
				CLANG_ENABLE_OBJC_WEAK = YES;
				CLANG_WARN_BLOCK_CAPTURE_AUTORELEASING = YES;
				CLANG_WARN_BOOL_CONVERSION = YES;
				CLANG_WARN_COMMA = YES;
				CLANG_WARN_CONSTANT_CONVERSION = YES;
				CLANG_WARN_DEPRECATED_OBJC_IMPLEMENTATIONS = YES;
				CLANG_WARN_DIRECT_OBJC_ISA_USAGE = YES_ERROR;
				CLANG_WARN_DOCUMENTATION_COMMENTS = YES;
				CLANG_WARN_EMPTY_BODY = YES;
				CLANG_WARN_ENUM_CONVERSION = YES;
				CLANG_WARN_INFINITE_RECURSION = YES;
				CLANG_WARN_INT_CONVERSION = YES;
				CLANG_WARN_NON_LITERAL_NULL_CONVERSION = YES;
				CLANG_WARN_OBJC_IMPLICIT_RETAIN_SELF = YES;
				CLANG_WARN_OBJC_LITERAL_CONVERSION = YES;
				CLANG_WARN_OBJC_ROOT_CLASS = YES_ERROR;
				CLANG_WARN_QUOTED_INCLUDE_IN_FRAMEWORK_HEADER = YES;
				CLANG_WARN_RANGE_LOOP_ANALYSIS = YES;
				CLANG_WARN_STRICT_PROTOTYPES = YES;
				CLANG_WARN_SUSPICIOUS_MOVE = YES;
				CLANG_WARN_UNGUARDED_AVAILABILITY = YES_AGGRESSIVE;
				CLANG_WARN_UNREACHABLE_CODE = YES;
				CLANG_WARN__DUPLICATE_METHOD_MATCH = YES;
				COPY_PHASE_STRIP = NO;
				DEBUG_INFORMATION_FORMAT = "dwarf-with-dsym";
				ENABLE_NS_ASSERTIONS = NO;
				ENABLE_STRICT_OBJC_MSGSEND = YES;
				ENABLE_USER_SCRIPT_SANDBOXING = YES;
				GCC_C_LANGUAGE_STANDARD = gnu17;
				GCC_NO_COMMON_BLOCKS = YES;
				GCC_WARN_64_TO_32_BIT_CONVERSION = YES;
				GCC_WARN_ABOUT_RETURN_TYPE = YES_ERROR;
				GCC_WARN_UNDECLARED_SELECTOR = YES;
				GCC_WARN_UNINITIALIZED_AUTOS = YES_AGGRESSIVE;
				GCC_WARN_UNUSED_FUNCTION = YES;
				GCC_WARN_UNUSED_VARIABLE = YES;
				IPHONEOS_DEPLOYMENT_TARGET = 17.5;
				LOCALIZATION_PREFERS_STRING_CATALOGS = YES;
				MTL_ENABLE_DEBUG_INFO = NO;
				MTL_FAST_MATH = YES;
				SDKROOT = iphoneos;
				SWIFT_COMPILATION_MODE = wholemodule;
				VALIDATE_PRODUCT = YES;
			};
			name = Release;
		};
		5CC9FC5E2C2A5A260018A35E /* Debug */ = {
			isa = XCBuildConfiguration;
			buildSettings = {
				ASSETCATALOG_COMPILER_APPICON_NAME = AppIcon;
				ASSETCATALOG_COMPILER_GLOBAL_ACCENT_COLOR_NAME = AccentColor;
				CODE_SIGN_STYLE = Automatic;
				CURRENT_PROJECT_VERSION = 1;
				DEVELOPMENT_ASSET_PATHS = "\"TCA/Preview Content\"";
				DEVELOPMENT_TEAM = VVHTJQP5MT;
				ENABLE_PREVIEWS = YES;
				GENERATE_INFOPLIST_FILE = YES;
				INFOPLIST_FILE = TCA/Info.plist;
				INFOPLIST_KEY_UIApplicationSceneManifest_Generation = YES;
				INFOPLIST_KEY_UIApplicationSupportsIndirectInputEvents = YES;
				INFOPLIST_KEY_UILaunchScreen_Generation = YES;
				INFOPLIST_KEY_UISupportedInterfaceOrientations_iPad = "UIInterfaceOrientationPortrait UIInterfaceOrientationPortraitUpsideDown UIInterfaceOrientationLandscapeLeft UIInterfaceOrientationLandscapeRight";
				INFOPLIST_KEY_UISupportedInterfaceOrientations_iPhone = "UIInterfaceOrientationPortrait UIInterfaceOrientationLandscapeLeft UIInterfaceOrientationLandscapeRight";
				LD_RUNPATH_SEARCH_PATHS = (
					"$(inherited)",
					"@executable_path/Frameworks",
				);
				MARKETING_VERSION = 1.0;
				PRODUCT_BUNDLE_IDENTIFIER = com.TCA;
				PRODUCT_NAME = "$(TARGET_NAME)";
				SWIFT_EMIT_LOC_STRINGS = YES;
				SWIFT_VERSION = 5.0;
				TARGETED_DEVICE_FAMILY = "1,2";
			};
			name = Debug;
		};
		5CC9FC5F2C2A5A260018A35E /* Release */ = {
			isa = XCBuildConfiguration;
			buildSettings = {
				ASSETCATALOG_COMPILER_APPICON_NAME = AppIcon;
				ASSETCATALOG_COMPILER_GLOBAL_ACCENT_COLOR_NAME = AccentColor;
				CODE_SIGN_STYLE = Automatic;
				CURRENT_PROJECT_VERSION = 1;
				DEVELOPMENT_ASSET_PATHS = "\"TCA/Preview Content\"";
				DEVELOPMENT_TEAM = VVHTJQP5MT;
				ENABLE_PREVIEWS = YES;
				GENERATE_INFOPLIST_FILE = YES;
				INFOPLIST_FILE = TCA/Info.plist;
				INFOPLIST_KEY_UIApplicationSceneManifest_Generation = YES;
				INFOPLIST_KEY_UIApplicationSupportsIndirectInputEvents = YES;
				INFOPLIST_KEY_UILaunchScreen_Generation = YES;
				INFOPLIST_KEY_UISupportedInterfaceOrientations_iPad = "UIInterfaceOrientationPortrait UIInterfaceOrientationPortraitUpsideDown UIInterfaceOrientationLandscapeLeft UIInterfaceOrientationLandscapeRight";
				INFOPLIST_KEY_UISupportedInterfaceOrientations_iPhone = "UIInterfaceOrientationPortrait UIInterfaceOrientationLandscapeLeft UIInterfaceOrientationLandscapeRight";
				LD_RUNPATH_SEARCH_PATHS = (
					"$(inherited)",
					"@executable_path/Frameworks",
				);
				MARKETING_VERSION = 1.0;
				PRODUCT_BUNDLE_IDENTIFIER = com.TCA;
				PRODUCT_NAME = "$(TARGET_NAME)";
				SWIFT_EMIT_LOC_STRINGS = YES;
				SWIFT_VERSION = 5.0;
				TARGETED_DEVICE_FAMILY = "1,2";
			};
			name = Release;
		};
/* End XCBuildConfiguration section */

/* Begin XCConfigurationList section */
		5C5B87A42C2D2EDA006673FD /* Build configuration list for PBXNativeTarget "TCATests" */ = {
			isa = XCConfigurationList;
			buildConfigurations = (
				5C5B87A22C2D2EDA006673FD /* Debug */,
				5C5B87A32C2D2EDA006673FD /* Release */,
			);
			defaultConfigurationIsVisible = 0;
			defaultConfigurationName = Release;
		};
		5CC9FC4A2C2A5A240018A35E /* Build configuration list for PBXProject "TCA" */ = {
			isa = XCConfigurationList;
			buildConfigurations = (
				5CC9FC5B2C2A5A260018A35E /* Debug */,
				5CC9FC5C2C2A5A260018A35E /* Release */,
			);
			defaultConfigurationIsVisible = 0;
			defaultConfigurationName = Release;
		};
		5CC9FC5D2C2A5A260018A35E /* Build configuration list for PBXNativeTarget "TCA" */ = {
			isa = XCConfigurationList;
			buildConfigurations = (
				5CC9FC5E2C2A5A260018A35E /* Debug */,
				5CC9FC5F2C2A5A260018A35E /* Release */,
			);
			defaultConfigurationIsVisible = 0;
			defaultConfigurationName = Release;
		};
/* End XCConfigurationList section */

/* Begin XCRemoteSwiftPackageReference section */
		5CC9FC602C2A5A600018A35E /* XCRemoteSwiftPackageReference "swift-composable-architecture" */ = {
			isa = XCRemoteSwiftPackageReference;
			repositoryURL = "https://github.com/pointfreeco/swift-composable-architecture";
			requirement = {
				kind = upToNextMajorVersion;
				minimumVersion = 1.11.2;
			};
		};
/* End XCRemoteSwiftPackageReference section */

/* Begin XCSwiftPackageProductDependency section */
		5CC9FC612C2A5A600018A35E /* ComposableArchitecture */ = {
			isa = XCSwiftPackageProductDependency;
			package = 5CC9FC602C2A5A600018A35E /* XCRemoteSwiftPackageReference "swift-composable-architecture" */;
			productName = ComposableArchitecture;
		};
/* End XCSwiftPackageProductDependency section */
	};
	rootObject = 5CC9FC472C2A5A240018A35E /* Project object */;
}
